
Microsoft Visual Studio Solution File, Format Version 12.00
# Visual Studio 15
VisualStudioVersion = 15.0.27428.2005
MinimumVisualStudioVersion = 10.0.40219.1
Project("{FAE04EC0-301F-11D3-BF4B-00C04F79EFBC}") = "BookList_MVC", "BookList_MVC\BookList_MVC.csproj", "{809F9DD4-75FA-402F-95BC-E9B8D84732D8}"
EndProject
Global
	GlobalSection(SolutionConfigurationPlatforms) = preSolution
		Debug|Any CPU = Debug|Any CPU
		Release|Any CPU = Release|Any CPU
	EndGlobalSection
	GlobalSection(ProjectConfigurationPlatforms) = postSolution
		{809F9DD4-75FA-402F-95BC-E9B8D84732D8}.Debug|Any CPU.ActiveCfg = Debug|Any CPU
		{809F9DD4-75FA-402F-95BC-E9B8D84732D8}.Debug|Any CPU.Build.0 = Debug|Any CPU
		{809F9DD4-75FA-402F-95BC-E9B8D84732D8}.Release|Any CPU.ActiveCfg = Release|Any CPU
		{809F9DD4-75FA-402F-95BC-E9B8D84732D8}.Release|Any CPU.Build.0 = Release|Any CPU
	EndGlobalSection
	GlobalSection(SolutionProperties) = preSolution
		HideSolutionNode = FALSE
	EndGlobalSection
	GlobalSection(ExtensibilityGlobals) = postSolution
		SolutionGuid = {7B41D618-0D5D-4F8C-9F24-F99C1856441C}
	EndGlobalSection
EndGlobal
